
Microsoft Visual Studio Solution File, Format Version 12.00
# Visual Studio Version 16
VisualStudioVersion = 16.0.31729.503
MinimumVisualStudioVersion = 10.0.40219.1
Project("{FAE04EC0-301F-11D3-BF4B-00C04F79EFBC}") = "Day6Pra", "Day6Pra\Day6Pra.csproj", "{63608A95-BCC6-45A7-AA03-F8CE399003AE}"
EndProject
Global
	GlobalSection(SolutionConfigurationPlatforms) = preSolution
		Debug|Any CPU = Debug|Any CPU
		Release|Any CPU = Release|Any CPU
	EndGlobalSection
	GlobalSection(ProjectConfigurationPlatforms) = postSolution
		{63608A95-BCC6-45A7-AA03-F8CE399003AE}.Debug|Any CPU.ActiveCfg = Debug|Any CPU
		{63608A95-BCC6-45A7-AA03-F8CE399003AE}.Debug|Any CPU.Build.0 = Debug|Any CPU
		{63608A95-BCC6-45A7-AA03-F8CE399003AE}.Release|Any CPU.ActiveCfg = Release|Any CPU
		{63608A95-BCC6-45A7-AA03-F8CE399003AE}.Release|Any CPU.Build.0 = Release|Any CPU
	EndGlobalSection
	GlobalSection(SolutionProperties) = preSolution
		HideSolutionNode = FALSE
	EndGlobalSection
	GlobalSection(ExtensibilityGlobals) = postSolution
		SolutionGuid = {D406BAD9-8FB4-49D5-AB1F-37B927D89B9C}
	EndGlobalSection
EndGlobal
