
Microsoft Visual Studio Solution File, Format Version 12.00
# Visual Studio Version 16
VisualStudioVersion = 16.0.31729.503
MinimumVisualStudioVersion = 10.0.40219.1
Project("{FAE04EC0-301F-11D3-BF4B-00C04F79EFBC}") = "Day2Ass", "Day2Ass\Day2Ass.csproj", "{7F51827E-3699-4D4B-AFA3-BEB94AA227F5}"
EndProject
Global
	GlobalSection(SolutionConfigurationPlatforms) = preSolution
		Debug|Any CPU = Debug|Any CPU
		Release|Any CPU = Release|Any CPU
	EndGlobalSection
	GlobalSection(ProjectConfigurationPlatforms) = postSolution
		{7F51827E-3699-4D4B-AFA3-BEB94AA227F5}.Debug|Any CPU.ActiveCfg = Debug|Any CPU
		{7F51827E-3699-4D4B-AFA3-BEB94AA227F5}.Debug|Any CPU.Build.0 = Debug|Any CPU
		{7F51827E-3699-4D4B-AFA3-BEB94AA227F5}.Release|Any CPU.ActiveCfg = Release|Any CPU
		{7F51827E-3699-4D4B-AFA3-BEB94AA227F5}.Release|Any CPU.Build.0 = Release|Any CPU
	EndGlobalSection
	GlobalSection(SolutionProperties) = preSolution
		HideSolutionNode = FALSE
	EndGlobalSection
	GlobalSection(ExtensibilityGlobals) = postSolution
		SolutionGuid = {DAF928F0-8833-4812-946A-E32D0CAA7D6A}
	EndGlobalSection
EndGlobal
