
Microsoft Visual Studio Solution File, Format Version 12.00
# Visual Studio Version 16
VisualStudioVersion = 16.0.31729.503
MinimumVisualStudioVersion = 10.0.40219.1
Project("{FAE04EC0-301F-11D3-BF4B-00C04F79EFBC}") = "Day4Ass1", "Day4Ass1\Day4Ass1.csproj", "{38D79C46-75CA-484B-AB73-75FF4D1120A1}"
EndProject
Project("{FAE04EC0-301F-11D3-BF4B-00C04F79EFBC}") = "Day4Ass2", "Day4Ass2\Day4Ass2.csproj", "{C6ADD0C5-B0FB-4BDD-88D2-BA829F5B6D65}"
EndProject
Project("{FAE04EC0-301F-11D3-BF4B-00C04F79EFBC}") = "Day4Ass3", "Day4Ass3\Day4Ass3.csproj", "{B13983E6-BF9F-4857-8AE5-DD4D63DD6E13}"
EndProject
Global
	GlobalSection(SolutionConfigurationPlatforms) = preSolution
		Debug|Any CPU = Debug|Any CPU
		Release|Any CPU = Release|Any CPU
	EndGlobalSection
	GlobalSection(ProjectConfigurationPlatforms) = postSolution
		{38D79C46-75CA-484B-AB73-75FF4D1120A1}.Debug|Any CPU.ActiveCfg = Debug|Any CPU
		{38D79C46-75CA-484B-AB73-75FF4D1120A1}.Debug|Any CPU.Build.0 = Debug|Any CPU
		{38D79C46-75CA-484B-AB73-75FF4D1120A1}.Release|Any CPU.ActiveCfg = Release|Any CPU
		{38D79C46-75CA-484B-AB73-75FF4D1120A1}.Release|Any CPU.Build.0 = Release|Any CPU
		{C6ADD0C5-B0FB-4BDD-88D2-BA829F5B6D65}.Debug|Any CPU.ActiveCfg = Debug|Any CPU
		{C6ADD0C5-B0FB-4BDD-88D2-BA829F5B6D65}.Debug|Any CPU.Build.0 = Debug|Any CPU
		{C6ADD0C5-B0FB-4BDD-88D2-BA829F5B6D65}.Release|Any CPU.ActiveCfg = Release|Any CPU
		{C6ADD0C5-B0FB-4BDD-88D2-BA829F5B6D65}.Release|Any CPU.Build.0 = Release|Any CPU
		{B13983E6-BF9F-4857-8AE5-DD4D63DD6E13}.Debug|Any CPU.ActiveCfg = Debug|Any CPU
		{B13983E6-BF9F-4857-8AE5-DD4D63DD6E13}.Debug|Any CPU.Build.0 = Debug|Any CPU
		{B13983E6-BF9F-4857-8AE5-DD4D63DD6E13}.Release|Any CPU.ActiveCfg = Release|Any CPU
		{B13983E6-BF9F-4857-8AE5-DD4D63DD6E13}.Release|Any CPU.Build.0 = Release|Any CPU
	EndGlobalSection
	GlobalSection(SolutionProperties) = preSolution
		HideSolutionNode = FALSE
	EndGlobalSection
	GlobalSection(ExtensibilityGlobals) = postSolution
		SolutionGuid = {EC84B77C-DE41-4E09-8072-608241F7E1B3}
	EndGlobalSection
EndGlobal
