
Microsoft Visual Studio Solution File, Format Version 12.00
# Visual Studio Version 17
VisualStudioVersion = 17.0.31912.275
MinimumVisualStudioVersion = 10.0.40219.1
Project("{FAE04EC0-301F-11D3-BF4B-00C04F79EFBC}") = "HospitalAuth", "HospitalAuth\HospitalAuth.csproj", "{57530B71-D232-4458-897F-34AFDE8735D8}"
EndProject
Global
	GlobalSection(SolutionConfigurationPlatforms) = preSolution
		Debug|Any CPU = Debug|Any CPU
		Release|Any CPU = Release|Any CPU
	EndGlobalSection
	GlobalSection(ProjectConfigurationPlatforms) = postSolution
		{57530B71-D232-4458-897F-34AFDE8735D8}.Debug|Any CPU.ActiveCfg = Debug|Any CPU
		{57530B71-D232-4458-897F-34AFDE8735D8}.Debug|Any CPU.Build.0 = Debug|Any CPU
		{57530B71-D232-4458-897F-34AFDE8735D8}.Release|Any CPU.ActiveCfg = Release|Any CPU
		{57530B71-D232-4458-897F-34AFDE8735D8}.Release|Any CPU.Build.0 = Release|Any CPU
	EndGlobalSection
	GlobalSection(SolutionProperties) = preSolution
		HideSolutionNode = FALSE
	EndGlobalSection
	GlobalSection(ExtensibilityGlobals) = postSolution
		SolutionGuid = {236F9FF6-B29D-4450-B434-CF1449A78E68}
	EndGlobalSection
EndGlobal
